
Microsoft Visual Studio Solution File, Format Version 12.00
# Visual Studio Version 17
VisualStudioVersion = 17.14.36221.1
MinimumVisualStudioVersion = 10.0.40219.1
Project("{FAE04EC0-301F-11D3-BF4B-00C04F79EFBC}") = "Backend.Core", "Backend.Core\Backend.Core.csproj", "{3EC56177-390B-40E4-B431-468BCC0F33D3}"
EndProject
Project("{FAE04EC0-301F-11D3-BF4B-00C04F79EFBC}") = "Backend.DataAccess", "Backend.DataAccess\Backend.DataAccess.csproj", "{40393B80-E412-4216-B6B7-1A5CDEB27FF3}"
EndProject
Project("{FAE04EC0-301F-11D3-BF4B-00C04F79EFBC}") = "Backend.Business", "Backend.Business\Backend.Business.csproj", "{131F139C-DAE3-42E3-B1AA-01609F64AFE1}"
EndProject
Project("{FAE04EC0-301F-11D3-BF4B-00C04F79EFBC}") = "Backend.API", "Backend.API\Backend.API.csproj", "{582EE37C-0803-4713-83CA-B92ABB806074}"
EndProject
Global
	GlobalSection(SolutionConfigurationPlatforms) = preSolution
		Debug|Any CPU = Debug|Any CPU
		Release|Any CPU = Release|Any CPU
	EndGlobalSection
	GlobalSection(ProjectConfigurationPlatforms) = postSolution
		{3EC56177-390B-40E4-B431-468BCC0F33D3}.Debug|Any CPU.ActiveCfg = Debug|Any CPU
		{3EC56177-390B-40E4-B431-468BCC0F33D3}.Debug|Any CPU.Build.0 = Debug|Any CPU
		{3EC56177-390B-40E4-B431-468BCC0F33D3}.Release|Any CPU.ActiveCfg = Release|Any CPU
		{3EC56177-390B-40E4-B431-468BCC0F33D3}.Release|Any CPU.Build.0 = Release|Any CPU
		{40393B80-E412-4216-B6B7-1A5CDEB27FF3}.Debug|Any CPU.ActiveCfg = Debug|Any CPU
		{40393B80-E412-4216-B6B7-1A5CDEB27FF3}.Debug|Any CPU.Build.0 = Debug|Any CPU
		{40393B80-E412-4216-B6B7-1A5CDEB27FF3}.Release|Any CPU.ActiveCfg = Release|Any CPU
		{40393B80-E412-4216-B6B7-1A5CDEB27FF3}.Release|Any CPU.Build.0 = Release|Any CPU
		{131F139C-DAE3-42E3-B1AA-01609F64AFE1}.Debug|Any CPU.ActiveCfg = Debug|Any CPU
		{131F139C-DAE3-42E3-B1AA-01609F64AFE1}.Debug|Any CPU.Build.0 = Debug|Any CPU
		{131F139C-DAE3-42E3-B1AA-01609F64AFE1}.Release|Any CPU.ActiveCfg = Release|Any CPU
		{131F139C-DAE3-42E3-B1AA-01609F64AFE1}.Release|Any CPU.Build.0 = Release|Any CPU
		{582EE37C-0803-4713-83CA-B92ABB806074}.Debug|Any CPU.ActiveCfg = Debug|Any CPU
		{582EE37C-0803-4713-83CA-B92ABB806074}.Debug|Any CPU.Build.0 = Debug|Any CPU
		{582EE37C-0803-4713-83CA-B92ABB806074}.Release|Any CPU.ActiveCfg = Release|Any CPU
		{582EE37C-0803-4713-83CA-B92ABB806074}.Release|Any CPU.Build.0 = Release|Any CPU
	EndGlobalSection
	GlobalSection(SolutionProperties) = preSolution
		HideSolutionNode = FALSE
	EndGlobalSection
	GlobalSection(ExtensibilityGlobals) = postSolution
		SolutionGuid = {D5BCB4F2-C09C-46FF-BC5E-8A0349F1510D}
	EndGlobalSection
EndGlobal
